
Microsoft Visual Studio Solution File, Format Version 12.00
# Visual Studio Version 17
VisualStudioVersion = 17.14.36221.1 d17.14
MinimumVisualStudioVersion = 10.0.40219.1
Project("{FAE04EC0-301F-11D3-BF4B-00C04F79EFBC}") = "BezorgerApp", "BezorgerApp\BezorgerApp.csproj", "{EAE8B71F-848A-4866-8AD9-888E13CE984B}"
EndProject
Global
	GlobalSection(SolutionConfigurationPlatforms) = preSolution
		Debug|Any CPU = Debug|Any CPU
		Release|Any CPU = Release|Any CPU
	EndGlobalSection
	GlobalSection(ProjectConfigurationPlatforms) = postSolution
		{EAE8B71F-848A-4866-8AD9-888E13CE984B}.Debug|Any CPU.ActiveCfg = Debug|Any CPU
		{EAE8B71F-848A-4866-8AD9-888E13CE984B}.Debug|Any CPU.Build.0 = Debug|Any CPU
		{EAE8B71F-848A-4866-8AD9-888E13CE984B}.Release|Any CPU.ActiveCfg = Release|Any CPU
		{EAE8B71F-848A-4866-8AD9-888E13CE984B}.Release|Any CPU.Build.0 = Release|Any CPU
	EndGlobalSection
	GlobalSection(SolutionProperties) = preSolution
		HideSolutionNode = FALSE
	EndGlobalSection
	GlobalSection(ExtensibilityGlobals) = postSolution
		SolutionGuid = {0262B58A-62F4-40E3-93B3-56F55F1C3D87}
	EndGlobalSection
EndGlobal
